
Microsoft Visual Studio Solution File, Format Version 12.00
# Visual Studio Version 17
VisualStudioVersion = 17.10.35013.160
MinimumVisualStudioVersion = 10.0.40219.1
Project("{2150E333-8FDC-42A3-9474-1A3956D46DE8}") = "Solution Items", "Solution Items", "{F775D5D5-4466-4821-B28B-444828937810}"
EndProject
Project("{2150E333-8FDC-42A3-9474-1A3956D46DE8}") = "src", "src", "{02EA681E-C7D8-13C7-8484-4AC65E1B71E8}"
	ProjectSection(SolutionItems) = preProject
		src\Directory.Build.props = src\Directory.Build.props
	EndProjectSection
EndProject
Project("{2150E333-8FDC-42A3-9474-1A3956D46DE8}") = "test", "test", "{03EFEF88-1C02-43BD-BAF2-6E3583E176DD}"
	ProjectSection(SolutionItems) = preProject
		test\Directory.Build.props = test\Directory.Build.props
	EndProjectSection
EndProject
Project("{2150E333-8FDC-42A3-9474-1A3956D46DE8}") = "build", "build", "{DB52006F-77DA-41A7-BF1E-E7FADA392216}"
	ProjectSection(SolutionItems) = preProject
		.gitlab-ci.yml = .gitlab-ci.yml
		Directory.Build.props = Directory.Build.props
	EndProjectSection
EndProject
Project("{2150E333-8FDC-42A3-9474-1A3956D46DE8}") = "config", "config", "{95693042-95D1-4653-8CE4-E0CA49671FDD}"
	ProjectSection(SolutionItems) = preProject
		.editorconfig = .editorconfig
		.gitignore = .gitignore
		CodeMaid.config = CodeMaid.config
		nuget.config = nuget.config
	EndProjectSection
EndProject
Project("{2150E333-8FDC-42A3-9474-1A3956D46DE8}") = "docs", "docs", "{B3E7C9D0-6C31-4315-BD12-5C09E779930E}"
	ProjectSection(SolutionItems) = preProject
		CHANGELOG.md = CHANGELOG.md
		LICENSE.txt = LICENSE.txt
		package-icon.png = package-icon.png
		README.md = README.md
	EndProjectSection
EndProject
Project("{2150E333-8FDC-42A3-9474-1A3956D46DE8}") = "Extensions", "Extensions", "{CC6F1A0E-F7BC-47D0-AB42-0DFC02D0CB46}"
	ProjectSection(SolutionItems) = preProject
		src\Extensions\Directory.Build.props = src\Extensions\Directory.Build.props
	EndProjectSection
EndProject
Project("{2150E333-8FDC-42A3-9474-1A3956D46DE8}") = "Extensions", "Extensions", "{B949CF48-2F6B-491F-A0D3-502204D52BA5}"
EndProject
Project("{FAE04EC0-301F-11D3-BF4B-00C04F79EFBC}") = "Cloudflare", "src\Cloudflare\Cloudflare.csproj", "{710FB8C2-6B49-43C6-9A48-FA9FA2F75833}"
EndProject
Project("{FAE04EC0-301F-11D3-BF4B-00C04F79EFBC}") = "Cloudflare.Tests", "test\Cloudflare.Tests\Cloudflare.Tests.csproj", "{05CEDEA7-5967-6805-4145-82C5E3D7942F}"
EndProject
Project("{FAE04EC0-301F-11D3-BF4B-00C04F79EFBC}") = "Cloudflare.Zones", "src\Extensions\Cloudflare.Zones\Cloudflare.Zones.csproj", "{B68AF597-98BA-C7A2-9624-CA306B1BC086}"
EndProject
Project("{FAE04EC0-301F-11D3-BF4B-00C04F79EFBC}") = "Cloudflare.Zones.Tests", "test\Extensions\Cloudflare.Zones.Tests\Cloudflare.Zones.Tests.csproj", "{F9684EAD-B1AA-6410-0577-36758907BF5C}"
EndProject
Global
	GlobalSection(SolutionConfigurationPlatforms) = preSolution
		Debug|Any CPU = Debug|Any CPU
		Release|Any CPU = Release|Any CPU
	EndGlobalSection
	GlobalSection(ProjectConfigurationPlatforms) = postSolution
		{710FB8C2-6B49-43C6-9A48-FA9FA2F75833}.Debug|Any CPU.ActiveCfg = Debug|Any CPU
		{710FB8C2-6B49-43C6-9A48-FA9FA2F75833}.Debug|Any CPU.Build.0 = Debug|Any CPU
		{710FB8C2-6B49-43C6-9A48-FA9FA2F75833}.Release|Any CPU.ActiveCfg = Release|Any CPU
		{710FB8C2-6B49-43C6-9A48-FA9FA2F75833}.Release|Any CPU.Build.0 = Release|Any CPU
		{B68AF597-98BA-C7A2-9624-CA306B1BC086}.Debug|Any CPU.ActiveCfg = Debug|Any CPU
		{B68AF597-98BA-C7A2-9624-CA306B1BC086}.Debug|Any CPU.Build.0 = Debug|Any CPU
		{B68AF597-98BA-C7A2-9624-CA306B1BC086}.Release|Any CPU.ActiveCfg = Release|Any CPU
		{B68AF597-98BA-C7A2-9624-CA306B1BC086}.Release|Any CPU.Build.0 = Release|Any CPU
		{05CEDEA7-5967-6805-4145-82C5E3D7942F}.Debug|Any CPU.ActiveCfg = Debug|Any CPU
		{05CEDEA7-5967-6805-4145-82C5E3D7942F}.Debug|Any CPU.Build.0 = Debug|Any CPU
		{05CEDEA7-5967-6805-4145-82C5E3D7942F}.Release|Any CPU.ActiveCfg = Release|Any CPU
		{05CEDEA7-5967-6805-4145-82C5E3D7942F}.Release|Any CPU.Build.0 = Release|Any CPU
		{F9684EAD-B1AA-6410-0577-36758907BF5C}.Debug|Any CPU.ActiveCfg = Debug|Any CPU
		{F9684EAD-B1AA-6410-0577-36758907BF5C}.Debug|Any CPU.Build.0 = Debug|Any CPU
		{F9684EAD-B1AA-6410-0577-36758907BF5C}.Release|Any CPU.ActiveCfg = Release|Any CPU
		{F9684EAD-B1AA-6410-0577-36758907BF5C}.Release|Any CPU.Build.0 = Release|Any CPU
	EndGlobalSection
	GlobalSection(SolutionProperties) = preSolution
		HideSolutionNode = FALSE
	EndGlobalSection
	GlobalSection(NestedProjects) = preSolution
		{710FB8C2-6B49-43C6-9A48-FA9FA2F75833} = {02EA681E-C7D8-13C7-8484-4AC65E1B71E8}
		{CC6F1A0E-F7BC-47D0-AB42-0DFC02D0CB46} = {02EA681E-C7D8-13C7-8484-4AC65E1B71E8}
		{B68AF597-98BA-C7A2-9624-CA306B1BC086} = {CC6F1A0E-F7BC-47D0-AB42-0DFC02D0CB46}
		{05CEDEA7-5967-6805-4145-82C5E3D7942F} = {03EFEF88-1C02-43BD-BAF2-6E3583E176DD}
		{B949CF48-2F6B-491F-A0D3-502204D52BA5} = {03EFEF88-1C02-43BD-BAF2-6E3583E176DD}
		{F9684EAD-B1AA-6410-0577-36758907BF5C} = {B949CF48-2F6B-491F-A0D3-502204D52BA5}
		{B3E7C9D0-6C31-4315-BD12-5C09E779930E} = {F775D5D5-4466-4821-B28B-444828937810}
		{DB52006F-77DA-41A7-BF1E-E7FADA392216} = {F775D5D5-4466-4821-B28B-444828937810}
		{95693042-95D1-4653-8CE4-E0CA49671FDD} = {F775D5D5-4466-4821-B28B-444828937810}
	EndGlobalSection
	GlobalSection(ExtensibilityGlobals) = postSolution
		SolutionGuid = {A465B60D-C946-4381-835C-29303EA4FAD1}
	EndGlobalSection
EndGlobal
